lockfileVersion: '9.0'

settings:
  autoInstallPeers: true
  excludeLinksFromLockfile: false

importers:

  .:
    dependencies:
      '@qpjoy/mx-common':
        specifier: file:../mx-common
        version: file:../mx-common
      '@qpjoy/ui-design-neon-void':
        specifier: file:../mx-launcher/ui-design
        version: file:../mx-launcher/ui-design
      pg:
        specifier: 8.22.0
        version: 8.22.0

packages:

  '@ioredis/commands@1.10.0':
    resolution: {integrity: sha512-UmeW7z4LfctwoQ5wkhVzgq8tXkreED2xZGpX+Bg+zA+WJFZCT6c062AfCK/Dfk81xZnnwdhJCUMkitihRaoC2Q==}

  '@msgpackr-extract/msgpackr-extract-darwin-arm64@3.0.4':
    resolution: {integrity: sha512-LCkGo6JDfaBhgST7UpPWgNgLINpcpabaHfyz5OBx75nUYxBsaEPxjnyNjWpeb/xBup/682QnBfRBy2/LvPutZQ==}
    cpu: [arm64]
    os: [darwin]

  '@msgpackr-extract/msgpackr-extract-darwin-x64@3.0.4':
    resolution: {integrity: sha512-zExlW9zUJKZH/tOtVMttwjKa4Xm/3KcNjnE3dPN92uCktwavMxpgCA3MoJK/DOnTWsQgo224OaST27/mPNAf+w==}
    cpu: [x64]
    os: [darwin]

  '@msgpackr-extract/msgpackr-extract-linux-arm64@3.0.4':
    resolution: {integrity: sha512-dgX0P/9wGPJeHFBG+ZmhgE6bmtMt7NP5CRBGyyktpopdk/mW4POnrpQsSLtKI1dwpc+pPLuXHDh6vvskyQE/sw==}
    cpu: [arm64]
    os: [linux]

  '@msgpackr-extract/msgpackr-extract-linux-arm@3.0.4':
    resolution: {integrity: sha512-Tg3yX65f5GbtXLkrYEHE5oibZG9epyYWas7FogTTEJeDEF9JlXJzKgXaNhT3UXlTOeA+AfZpYZYZ0uPj7Cfquw==}
    cpu: [arm]
    os: [linux]

  '@msgpackr-extract/msgpackr-extract-linux-x64@3.0.4':
    resolution: {integrity: sha512-8TNXMEjJc3QEy7R/x1INhgiU+XakDAFUzBhaz7+Rbrs8NH5UQeHQxxmzsSBJGyV6I1jW79undiQm8tOI+D+8FQ==}
    cpu: [x64]
    os: [linux]

  '@msgpackr-extract/msgpackr-extract-win32-x64@3.0.4':
    resolution: {integrity: sha512-CmCXPQrkbwExx3j946/PtHWHbYJiCRBRDl4BlkRQcJB/YOwQxJRTpoo7aTsortjgoJ1x7opzTSxn7C+ASSLVjQ==}
    cpu: [x64]
    os: [win32]

  '@node-rs/jieba-android-arm-eabi@2.0.2':
    resolution: {integrity: sha512-5w+349/6X+0MkW0DMCLmtmjbCx9YXKMqMzSGH9A/XMP3sSy+MgzgMQ5UwEteu2YFnRve8V0mJzKQpG0R7TmT7A==}
    engines: {node: '>= 10'}
    cpu: [arm]
    os: [android]

  '@node-rs/jieba-android-arm64@2.0.2':
    resolution: {integrity: sha512-tqNVsZ6VVzkbwWZAQ7zcOwJLtRKANW+Oa+uj8R+PWQSVXjy8Xs6KzfpDC5r+euFdNOiSjKPuZv4VbYSSTXed8g==}
    engines: {node: '>= 10'}
    cpu: [arm64]
    os: [android]

  '@node-rs/jieba-darwin-arm64@2.0.2':
    resolution: {integrity: sha512-JIpC+9p3E67OPzvvLcxI9TUHfQL6Xuti+e4zbio8Kc7gUZ3EYJ+USRHGS6EixhsWDDZKFhNThl3ztTk9ZqBjzg==}
    engines: {node: '>= 10'}
    cpu: [arm64]
    os: [darwin]

  '@node-rs/jieba-darwin-x64@2.0.2':
    resolution: {integrity: sha512-E7xPjd3L4oSPl9VSZJC6yN8niFYYL9NmmxKRHW14kAoa9TOr07xeiXtfRWajq95bgfvxHB9ymMkYKHCzGlTR4Q==}
    engines: {node: '>= 10'}
    cpu: [x64]
    os: [darwin]

  '@node-rs/jieba-freebsd-x64@2.0.2':
    resolution: {integrity: sha512-FHfveI/E/uLNgVGWLobFhWLrh09+DM2g3UBq8YuDJ22tnBefjGaakoTIjd9NHQ03sxAAkhlucR8QLTrFN6cMUg==}
    engines: {node: '>= 10'}
    cpu: [x64]
    os: [freebsd]

  '@node-rs/jieba-linux-arm-gnueabihf@2.0.2':
    resolution: {integrity: sha512-Hl2+3GOff5WmUkialLs0HXwUycacxIJlygMTvGnl3au6UnAxdj9KyF9+n+HQpRRLZqE0aExPQEBxvnshlwl/mg==}
    engines: {node: '>= 10'}
    cpu: [arm]
    os: [linux]

  '@node-rs/jieba-linux-arm64-gnu@2.0.2':
    resolution: {integrity: sha512-tM0Gdh37ZhHpol8O3REGaWILdPYYoXfDuw+XfXhq1ppNbfwG5fm+DmoW7n4qg4nQM7jGM2t67BbmlENwxiAlCQ==}
    engines: {node: '>= 10'}
    cpu: [arm64]
    os: [linux]

  '@node-rs/jieba-linux-arm64-musl@2.0.2':
    resolution: {integrity: sha512-7BrJjtsiuHdKzaVedWusiMzS9dUJXPTZBAunuRly/dyTvQyJqRJ3/N6RdgNRXaF49zuEz8JrtA9+aCn0t+ajTg==}
    engines: {node: '>= 10'}
    cpu: [arm64]
    os: [linux]

  '@node-rs/jieba-linux-x64-gnu@2.0.2':
    resolution: {integrity: sha512-514+0NFGCZp2e9lrnVRmyfe1/Cd+zUV3IUD0pWYB2gHfmowNrHPHL95WZosJMDp96C6LYbJZuNTRKifm0PyVBA==}
    engines: {node: '>= 10'}
    cpu: [x64]
    os: [linux]

  '@node-rs/jieba-linux-x64-musl@2.0.2':
    resolution: {integrity: sha512-KFlbnGoGoX58qLKeWutPyupTbbYPGgC4DAGVjEu8ctYVh4UyjeRHCxlY7ipC7NIW8I3YzKQRZ/yFMzmiDYX7UQ==}
    engines: {node: '>= 10'}
    cpu: [x64]
    os: [linux]

  '@node-rs/jieba-win32-arm64-msvc@2.0.2':
    resolution: {integrity: sha512-EI3JLL01kf6pP3mAUoYnDrt8S+FY2W2nWpjtiK7ucs46tITLkYDx9wmAwDsOnoCkxs4CETzLytPhLZ12lzR5Qw==}
    engines: {node: '>= 10'}
    cpu: [arm64]
    os: [win32]

  '@node-rs/jieba-win32-ia32-msvc@2.0.2':
    resolution: {integrity: sha512-FtTx1cth53zZqdZTCsTDTlg0rTGDvFZyaMCLEa3FcjrDD8DeWNavNcJbLmProS9YlZPdCvArPzH/etaoiTKimA==}
    engines: {node: '>= 10'}
    cpu: [ia32]
    os: [win32]

  '@node-rs/jieba-win32-x64-msvc@2.0.2':
    resolution: {integrity: sha512-9c08mSvOoluteKy0AiyAy+x4uvWB45Q3fheg51gcIxYGxl+Lk0+Xq8JnQxs/f6nLH+mNaOWAmX4DtORQMWabxA==}
    engines: {node: '>= 10'}
    cpu: [x64]
    os: [win32]

  '@node-rs/jieba@2.0.2':
    resolution: {integrity: sha512-aONN6nwpbwHKenEzCcYUbm6ZFHWEs7N5eas7zwWFs3c4MmEdN79m9Si4PvOxCp285I2M+g4MfLyUm9WcYaQi7Q==}
    engines: {node: '>= 10'}

  '@qpjoy/mx-common@file:../mx-common':
    resolution: {directory: ../mx-common, type: directory}
    engines: {node: '>=22'}

  '@qpjoy/ui-design-neon-void@file:../mx-launcher/ui-design':
    resolution: {directory: ../mx-launcher/ui-design, type: directory}

  bullmq@5.81.3:
    resolution: {integrity: sha512-Q7uEH2G92rVjX3Yl2qw3+6VEO15uxehC6DfeTHQBQTehddcRDSDuquD9zuvDjxiCffXsPUaBwrRlvlbVcgKs7g==}
    engines: {node: '>=12.22.0'}
    peerDependencies:
      redis: '>=5.0.0'
    peerDependenciesMeta:
      redis:
        optional: true

  cluster-key-slot@1.1.1:
    resolution: {integrity: sha512-rwHwUfXL40Chm1r08yrhU3qpUvdVlgkKNeyeGPOxnW8/SyVDvgRaed/Uz54AqWNaTCAThlj6QAs3TZcKI0xDEw==}
    engines: {node: '>=0.10.0'}

  cron-parser@4.9.0:
    resolution: {integrity: sha512-p0SaNjrHOnQeR8/VnfGbmg9te2kfyYSQ7Sc/j/6DtPL3JQvKxmjO9TSjNFpujqV3vEYYBvNNvXSxzyksBWAx1Q==}
    engines: {node: '>=12.0.0'}
    deprecated: v4 is no longer maintained, upgrade to v5

  debug@4.4.3:
    resolution: {integrity: sha512-RGwwWnwQvkVfavKVt22FGLw+xYSdzARwm0ru6DhTVA3umU5hZc28V3kO4stgYryrTlLpuvgI9GiijltAjNbcqA==}
    engines: {node: '>=6.0'}
    peerDependencies:
      supports-color: '*'
    peerDependenciesMeta:
      supports-color:
        optional: true

  denque@2.1.0:
    resolution: {integrity: sha512-HVQE3AAb/pxF8fQAoiqpvg9i3evqug3hoiwakOyZAwJm+6vZehbkYXZ0l4JxS+I3QxM97v5aaRNhj8v5oBhekw==}
    engines: {node: '>=0.10'}

  detect-libc@2.1.2:
    resolution: {integrity: sha512-Btj2BOOO83o3WyH59e8MgXsxEQVcarkUOpEYrubB0urwnN10yQ364rsiByU11nZlqWYZm05i/of7io4mzihBtQ==}
    engines: {node: '>=8'}

  ioredis@5.11.1:
    resolution: {integrity: sha512-ehuGcf94bQXhfagULNXrJdfnWO38v070jxSx/qE87Kjzmu2fU7ro5EFAb+OPituLqgfyuQaym5DlrNydW2sJ9A==}
    engines: {node: '>=12.22.0'}

  luxon@3.7.2:
    resolution: {integrity: sha512-vtEhXh/gNjI9Yg1u4jX/0YVPMvxzHuGgCm6tC5kZyb08yjGWGnqAjGJvcXbqQR2P3MyMEFnRbpcdFS6PBcLqew==}
    engines: {node: '>=12'}

  ms@2.1.3:
    resolution: {integrity: sha512-6FlzubTLZG3J2a/NVCAleEhjzq5oxgHyaCU9yYXvcLsvoVaHJq/s5xXI6/XXP6tz7R9xAOtHnSO/tXtF3WRTlA==}

  msgpackr-extract@3.0.4:
    resolution: {integrity: sha512-4kmO/MdyUIkLIvTPr8VHLil4AtoKIoniWPIEk5+CDy0xnWC84azhSFmuJ7PxZdsYtiP5kEeQsORAVIeMgxT+Hw==}
    hasBin: true

  msgpackr@2.0.5:
    resolution: {integrity: sha512-cef05H/dSYpLpqp3sj/qyZh5vhUYCalnaLO7j1yOmpsR0y/XwLVtK7r5gn+U/F7CTEfMowcGhlUQJDLcLf7jcA==}

  node-abort-controller@3.1.1:
    resolution: {integrity: sha512-AGK2yQKIjRuqnc6VkX2Xj5d+QW8xZ87pa1UK6yA6ouUyuxfHuMP6umE5QK7UmTeOAymo+Zx1Fxiuw9rVx8taHQ==}

  node-gyp-build-optional-packages@5.2.2:
    resolution: {integrity: sha512-s+w+rBWnpTMwSFbaE0UXsRlg7hU4FjekKU4eyAih5T8nJuNZT1nNsskXpxmeqSK9UzkBl6UgRlnKc8hz8IEqOw==}
    hasBin: true

  pg-cloudflare@1.4.0:
    resolution: {integrity: sha512-Vo7z/6rrQYxpNRylp4Tlob2elzbh+N/MOQbxFVWCxS7oEx6jF53GTJFxK2WWpKuBRkmiin4Mt+xofFDjx09R0A==}

  pg-connection-string@2.14.0:
    resolution: {integrity: sha512-XwWDGcLRGCXAR8F/AM5bG7Q+A3Wm2s6QeEjlOKZLlH3UYcguiqCWKyWXVag5TLTIjR7oOJUY8kcADaZgWPyLeg==}

  pg-int8@1.0.1:
    resolution: {integrity: sha512-WCtabS6t3c8SkpDBUlb1kjOs7l66xsGdKpIPZsg4wR+B3+u9UAum2odSsF9tnvxg80h4ZxLWMy4pRjOsFIqQpw==}
    engines: {node: '>=4.0.0'}

  pg-pool@3.14.0:
    resolution: {integrity: sha512-gKtPkFdQPU3DksooVLi9LsjZxrsBUZIpa+7aVx+LV5pNh0KzP4Zleud2po+ConrxbuXGBJ6Hfer6hdgpIBpBaw==}
    peerDependencies:
      pg: '>=8.0'

  pg-protocol@1.16.0:
    resolution: {integrity: sha512-sILXutLVjCLjcDuOmvhX5e2Z4cS5qG/6Bu3VkpFwdf/633ElGLpEh9bgmuI5I4sqKqkifQiGyiCcx1HdtrK7tg==}

  pg-types@2.2.0:
    resolution: {integrity: sha512-qTAAlrEsl8s4OiEQY69wDvcMIdQN6wdz5ojQiOy6YRMuynxenON0O5oCpJI6lshc6scgAY8qvJ2On/p+CXY0GA==}
    engines: {node: '>=4'}

  pg@8.22.0:
    resolution: {integrity: sha512-8wih1vVIBMxoUM2oB4soJsD9tDnDpLv4OXBJ+EJzFsvycD+lfyIreC2gGHq78f8jbLLt+bvlPTFdFZfJkOuzAA==}
    engines: {node: '>= 16.0.0'}
    peerDependencies:
      pg-native: '>=3.0.1'
    peerDependenciesMeta:
      pg-native:
        optional: true

  pgpass@1.0.5:
    resolution: {integrity: sha512-FdW9r/jQZhSeohs1Z3sI1yxFQNFvMcnmfuj4WBMUTxOrAyLMaTcE1aAMBiTlbMNaXvBCQuVi0R7hd8udDSP7ug==}

  postgres-array@2.0.0:
    resolution: {integrity: sha512-VpZrUqU5A69eQyW2c5CA1jtLecCsN2U/bD6VilrFDWq5+5UIEVO7nazS3TEcHf1zuPYO/sqGvUvW62g86RXZuA==}
    engines: {node: '>=4'}

  postgres-bytea@1.0.1:
    resolution: {integrity: sha512-5+5HqXnsZPE65IJZSMkZtURARZelel2oXUEO8rH83VS/hxH5vv1uHquPg5wZs8yMAfdv971IU+kcPUczi7NVBQ==}
    engines: {node: '>=0.10.0'}

  postgres-date@1.0.7:
    resolution: {integrity: sha512-suDmjLVQg78nMK2UZ454hAG+OAW+HQPZ6n++TNDUX+L0+uUlLywnoxJKDou51Zm+zTCjrCl0Nq6J9C5hP9vK/Q==}
    engines: {node: '>=0.10.0'}

  postgres-interval@1.2.0:
    resolution: {integrity: sha512-9ZhXKM/rw350N1ovuWHbGxnGh/SNJ4cnxHiM0rxE4VN41wsg8P8zWn9hv/buK00RP4WvlOyr/RBDiptyxVbkZQ==}
    engines: {node: '>=0.10.0'}

  redis-errors@1.2.0:
    resolution: {integrity: sha512-1qny3OExCf0UvUV/5wpYKf2YwPcOqXzkwKKSmKHiE6ZMQs5heeE/c8eXK+PNllPvmjgAbfnsbpkGZWy8cBpn9w==}
    engines: {node: '>=4'}

  redis-parser@3.0.0:
    resolution: {integrity: sha512-DJnGAeenTdpMEH6uAJRK/uiyEIH9WVsUmoLwzudwGJUwZPp80PDBWPHXSAGNPwNvIXAbe7MSUB1zQFugFml66A==}
    engines: {node: '>=4'}

  semver@7.8.5:
    resolution: {integrity: sha512-Y7/KDsb8LjooZpwaqGyulO6DQlksgCncchHGk+sZIY4SBvUocMBEFH5Ur1fI4dV+Jvl0w6cjvucaIi40puRioA==}
    engines: {node: '>=10'}
    hasBin: true

  split2@4.2.0:
    resolution: {integrity: sha512-UcjcJOWknrNkF6PLX83qcHM6KHgVKNkV62Y8a5uYDVv9ydGQVwAHMKqHdJje1VTWpljG0WYpCDhrCdAOYH4TWg==}
    engines: {node: '>= 10.x'}

  standard-as-callback@2.1.0:
    resolution: {integrity: sha512-qoRRSyROncaz1z0mvYqIE4lCd9p2R90i6GxW3uZv5ucSu8tU7B5HXUP1gG8pVZsYNVaXjk8ClXHPttLyxAL48A==}

  tslib@2.8.1:
    resolution: {integrity: sha512-oJFu94HQb+KVduSUQL7wnpmqnfmLsOA/nAh6b6EH0wCEoK0/mPeXU6c3wKDV83MkOuHPRHtSXKKU99IBazS/2w==}

  xtend@4.0.2:
    resolution: {integrity: sha512-LKYU1iAXJXUgAXn9URjiu+MWhyUXHsvfp7mcuYm9dSUKK0/CjtrUwFAxD82/mCWbtLsGjFIad0wIsod4zrTAEQ==}
    engines: {node: '>=0.4'}

snapshots:

  '@ioredis/commands@1.10.0':
    optional: true

  '@msgpackr-extract/msgpackr-extract-darwin-arm64@3.0.4':
    optional: true

  '@msgpackr-extract/msgpackr-extract-darwin-x64@3.0.4':
    optional: true

  '@msgpackr-extract/msgpackr-extract-linux-arm64@3.0.4':
    optional: true

  '@msgpackr-extract/msgpackr-extract-linux-arm@3.0.4':
    optional: true

  '@msgpackr-extract/msgpackr-extract-linux-x64@3.0.4':
    optional: true

  '@msgpackr-extract/msgpackr-extract-win32-x64@3.0.4':
    optional: true

  '@node-rs/jieba-android-arm-eabi@2.0.2':
    optional: true

  '@node-rs/jieba-android-arm64@2.0.2':
    optional: true

  '@node-rs/jieba-darwin-arm64@2.0.2':
    optional: true

  '@node-rs/jieba-darwin-x64@2.0.2':
    optional: true

  '@node-rs/jieba-freebsd-x64@2.0.2':
    optional: true

  '@node-rs/jieba-linux-arm-gnueabihf@2.0.2':
    optional: true

  '@node-rs/jieba-linux-arm64-gnu@2.0.2':
    optional: true

  '@node-rs/jieba-linux-arm64-musl@2.0.2':
    optional: true

  '@node-rs/jieba-linux-x64-gnu@2.0.2':
    optional: true

  '@node-rs/jieba-linux-x64-musl@2.0.2':
    optional: true

  '@node-rs/jieba-win32-arm64-msvc@2.0.2':
    optional: true

  '@node-rs/jieba-win32-ia32-msvc@2.0.2':
    optional: true

  '@node-rs/jieba-win32-x64-msvc@2.0.2':
    optional: true

  '@node-rs/jieba@2.0.2':
    optionalDependencies:
      '@node-rs/jieba-android-arm-eabi': 2.0.2
      '@node-rs/jieba-android-arm64': 2.0.2
      '@node-rs/jieba-darwin-arm64': 2.0.2
      '@node-rs/jieba-darwin-x64': 2.0.2
      '@node-rs/jieba-freebsd-x64': 2.0.2
      '@node-rs/jieba-linux-arm-gnueabihf': 2.0.2
      '@node-rs/jieba-linux-arm64-gnu': 2.0.2
      '@node-rs/jieba-linux-arm64-musl': 2.0.2
      '@node-rs/jieba-linux-x64-gnu': 2.0.2
      '@node-rs/jieba-linux-x64-musl': 2.0.2
      '@node-rs/jieba-win32-arm64-msvc': 2.0.2
      '@node-rs/jieba-win32-ia32-msvc': 2.0.2
      '@node-rs/jieba-win32-x64-msvc': 2.0.2
    optional: true

  '@qpjoy/mx-common@file:../mx-common':
    dependencies:
      pg: 8.22.0
    optionalDependencies:
      '@node-rs/jieba': 2.0.2
      bullmq: 5.81.3
    transitivePeerDependencies:
      - pg-native
      - redis
      - supports-color

  '@qpjoy/ui-design-neon-void@file:../mx-launcher/ui-design': {}

  bullmq@5.81.3:
    dependencies:
      cron-parser: 4.9.0
      ioredis: 5.11.1
      msgpackr: 2.0.5
      node-abort-controller: 3.1.1
      semver: 7.8.5
      tslib: 2.8.1
    transitivePeerDependencies:
      - supports-color
    optional: true

  cluster-key-slot@1.1.1:
    optional: true

  cron-parser@4.9.0:
    dependencies:
      luxon: 3.7.2
    optional: true

  debug@4.4.3:
    dependencies:
      ms: 2.1.3
    optional: true

  denque@2.1.0:
    optional: true

  detect-libc@2.1.2:
    optional: true

  ioredis@5.11.1:
    dependencies:
      '@ioredis/commands': 1.10.0
      cluster-key-slot: 1.1.1
      debug: 4.4.3
      denque: 2.1.0
      redis-errors: 1.2.0
      redis-parser: 3.0.0
      standard-as-callback: 2.1.0
    transitivePeerDependencies:
      - supports-color
    optional: true

  luxon@3.7.2:
    optional: true

  ms@2.1.3:
    optional: true

  msgpackr-extract@3.0.4:
    dependencies:
      node-gyp-build-optional-packages: 5.2.2
    optionalDependencies:
      '@msgpackr-extract/msgpackr-extract-darwin-arm64': 3.0.4
      '@msgpackr-extract/msgpackr-extract-darwin-x64': 3.0.4
      '@msgpackr-extract/msgpackr-extract-linux-arm': 3.0.4
      '@msgpackr-extract/msgpackr-extract-linux-arm64': 3.0.4
      '@msgpackr-extract/msgpackr-extract-linux-x64': 3.0.4
      '@msgpackr-extract/msgpackr-extract-win32-x64': 3.0.4
    optional: true

  msgpackr@2.0.5:
    optionalDependencies:
      msgpackr-extract: 3.0.4
    optional: true

  node-abort-controller@3.1.1:
    optional: true

  node-gyp-build-optional-packages@5.2.2:
    dependencies:
      detect-libc: 2.1.2
    optional: true

  pg-cloudflare@1.4.0:
    optional: true

  pg-connection-string@2.14.0: {}

  pg-int8@1.0.1: {}

  pg-pool@3.14.0(pg@8.22.0):
    dependencies:
      pg: 8.22.0

  pg-protocol@1.16.0: {}

  pg-types@2.2.0:
    dependencies:
      pg-int8: 1.0.1
      postgres-array: 2.0.0
      postgres-bytea: 1.0.1
      postgres-date: 1.0.7
      postgres-interval: 1.2.0

  pg@8.22.0:
    dependencies:
      pg-connection-string: 2.14.0
      pg-pool: 3.14.0(pg@8.22.0)
      pg-protocol: 1.16.0
      pg-types: 2.2.0
      pgpass: 1.0.5
    optionalDependencies:
      pg-cloudflare: 1.4.0

  pgpass@1.0.5:
    dependencies:
      split2: 4.2.0

  postgres-array@2.0.0: {}

  postgres-bytea@1.0.1: {}

  postgres-date@1.0.7: {}

  postgres-interval@1.2.0:
    dependencies:
      xtend: 4.0.2

  redis-errors@1.2.0:
    optional: true

  redis-parser@3.0.0:
    dependencies:
      redis-errors: 1.2.0
    optional: true

  semver@7.8.5:
    optional: true

  split2@4.2.0: {}

  standard-as-callback@2.1.0:
    optional: true

  tslib@2.8.1:
    optional: true

  xtend@4.0.2: {}
